
Microsoft Visual Studio Solution File, Format Version 12.00
# Visual Studio Version 17
VisualStudioVersion = 17.13.36105.23
MinimumVisualStudioVersion = 10.0.40219.1
Project("{FAE04EC0-301F-11D3-BF4B-00C04F79EFBC}") = "TW.Args.Net", "TW.Args.Net\TW.Args.Net.csproj", "{0C0E16DB-1C30-4131-FB84-F874AAF939AA}"
EndProject
Project("{FAE04EC0-301F-11D3-BF4B-00C04F79EFBC}") = "TW.Args.Net.Sample", "TW.Args.Net.Sample\TW.Args.Net.Sample.csproj", "{0E3F0F83-DD45-6DC0-B063-B9C1C7A888F3}"
EndProject
Global
	GlobalSection(SolutionConfigurationPlatforms) = preSolution
		Debug|Any CPU = Debug|Any CPU
		Release|Any CPU = Release|Any CPU
	EndGlobalSection
	GlobalSection(ProjectConfigurationPlatforms) = postSolution
		{0C0E16DB-1C30-4131-FB84-F874AAF939AA}.Debug|Any CPU.ActiveCfg = Debug|Any CPU
		{0C0E16DB-1C30-4131-FB84-F874AAF939AA}.Debug|Any CPU.Build.0 = Debug|Any CPU
		{0C0E16DB-1C30-4131-FB84-F874AAF939AA}.Release|Any CPU.ActiveCfg = Release|Any CPU
		{0C0E16DB-1C30-4131-FB84-F874AAF939AA}.Release|Any CPU.Build.0 = Release|Any CPU
		{0E3F0F83-DD45-6DC0-B063-B9C1C7A888F3}.Debug|Any CPU.ActiveCfg = Debug|Any CPU
		{0E3F0F83-DD45-6DC0-B063-B9C1C7A888F3}.Debug|Any CPU.Build.0 = Debug|Any CPU
		{0E3F0F83-DD45-6DC0-B063-B9C1C7A888F3}.Release|Any CPU.ActiveCfg = Release|Any CPU
		{0E3F0F83-DD45-6DC0-B063-B9C1C7A888F3}.Release|Any CPU.Build.0 = Release|Any CPU
	EndGlobalSection
	GlobalSection(SolutionProperties) = preSolution
		HideSolutionNode = FALSE
	EndGlobalSection
	GlobalSection(ExtensibilityGlobals) = postSolution
		SolutionGuid = {A44B3DEC-C45F-4869-B87E-57966EA9F342}
	EndGlobalSection
EndGlobal
